
Microsoft Visual Studio Solution File, Format Version 12.00
# Visual Studio 14
VisualStudioVersion = 14.0.24720.0
MinimumVisualStudioVersion = 10.0.40219.1
Project("{2150E333-8FDC-42A3-9474-1A3956D46DE8}") = "src", "src", "{812CBA08-65E3-48EC-A1EF-A67A8C07D746}"
EndProject
Project("{2150E333-8FDC-42A3-9474-1A3956D46DE8}") = "Solution Items", "Solution Items", "{EBB5D003-F879-4059-92EF-B51C8AE01623}"
	ProjectSection(SolutionItems) = preProject
		global.json = global.json
	EndProjectSection
EndProject
Project("{8BB2217D-0F2D-49D1-97BC-3654ED321F3B}") = "Berzerk.Ninja.Core", "src\Berzerk.Ninja.Core\Berzerk.Ninja.Core.xproj", "{787B7545-BCBC-4109-8711-CBB83326462B}"
EndProject
Global
	GlobalSection(SolutionConfigurationPlatforms) = preSolution
		Debug|Any CPU = Debug|Any CPU
		Release|Any CPU = Release|Any CPU
	EndGlobalSection
	GlobalSection(ProjectConfigurationPlatforms) = postSolution
		{787B7545-BCBC-4109-8711-CBB83326462B}.Debug|Any CPU.ActiveCfg = Debug|Any CPU
		{787B7545-BCBC-4109-8711-CBB83326462B}.Debug|Any CPU.Build.0 = Debug|Any CPU
		{787B7545-BCBC-4109-8711-CBB83326462B}.Release|Any CPU.ActiveCfg = Release|Any CPU
		{787B7545-BCBC-4109-8711-CBB83326462B}.Release|Any CPU.Build.0 = Release|Any CPU
	EndGlobalSection
	GlobalSection(SolutionProperties) = preSolution
		HideSolutionNode = FALSE
	EndGlobalSection
	GlobalSection(NestedProjects) = preSolution
		{787B7545-BCBC-4109-8711-CBB83326462B} = {812CBA08-65E3-48EC-A1EF-A67A8C07D746}
	EndGlobalSection
EndGlobal
